
Microsoft Visual Studio Solution File, Format Version 12.00
Project("{FAE04EC0-301F-11D3-BF4B-00C04F79EFBC}") = "MMM", "MMM\MMM.csproj", "{58D247A0-213F-4D93-8A08-114DB06EAB91}"
EndProject
Project("{FAE04EC0-301F-11D3-BF4B-00C04F79EFBC}") = "MMM.Tests", "MMM.Tests\MMM.Tests.csproj", "{8A60D794-5506-40C0-A211-2E1CB3E1100D}"
EndProject
Project("{FAE04EC0-301F-11D3-BF4B-00C04F79EFBC}") = "MMM.Benchmarks", "MMM.Benchmarks\MMM.Benchmarks.csproj", "{A257E489-0E54-4F92-9ED8-5AA4155C5F7D}"
EndProject
Project("{FAE04EC0-301F-11D3-BF4B-00C04F79EFBC}") = "Increment", "Increment\Increment.csproj", "{14A54B11-7FC4-416B-8467-E2FADEE1737E}"
EndProject
Global
	GlobalSection(SolutionConfigurationPlatforms) = preSolution
		Debug|Any CPU = Debug|Any CPU
		Release|Any CPU = Release|Any CPU
	EndGlobalSection
	GlobalSection(ProjectConfigurationPlatforms) = postSolution
		{58D247A0-213F-4D93-8A08-114DB06EAB91}.Debug|Any CPU.ActiveCfg = Debug|Any CPU
		{58D247A0-213F-4D93-8A08-114DB06EAB91}.Debug|Any CPU.Build.0 = Debug|Any CPU
		{58D247A0-213F-4D93-8A08-114DB06EAB91}.Release|Any CPU.ActiveCfg = Release|Any CPU
		{58D247A0-213F-4D93-8A08-114DB06EAB91}.Release|Any CPU.Build.0 = Release|Any CPU
		{8A60D794-5506-40C0-A211-2E1CB3E1100D}.Debug|Any CPU.ActiveCfg = Debug|Any CPU
		{8A60D794-5506-40C0-A211-2E1CB3E1100D}.Debug|Any CPU.Build.0 = Debug|Any CPU
		{8A60D794-5506-40C0-A211-2E1CB3E1100D}.Release|Any CPU.ActiveCfg = Release|Any CPU
		{8A60D794-5506-40C0-A211-2E1CB3E1100D}.Release|Any CPU.Build.0 = Release|Any CPU
		{A257E489-0E54-4F92-9ED8-5AA4155C5F7D}.Debug|Any CPU.ActiveCfg = Debug|Any CPU
		{A257E489-0E54-4F92-9ED8-5AA4155C5F7D}.Debug|Any CPU.Build.0 = Debug|Any CPU
		{A257E489-0E54-4F92-9ED8-5AA4155C5F7D}.Release|Any CPU.ActiveCfg = Release|Any CPU
		{A257E489-0E54-4F92-9ED8-5AA4155C5F7D}.Release|Any CPU.Build.0 = Release|Any CPU
		{14A54B11-7FC4-416B-8467-E2FADEE1737E}.Debug|Any CPU.ActiveCfg = Debug|Any CPU
		{14A54B11-7FC4-416B-8467-E2FADEE1737E}.Debug|Any CPU.Build.0 = Debug|Any CPU
		{14A54B11-7FC4-416B-8467-E2FADEE1737E}.Release|Any CPU.ActiveCfg = Release|Any CPU
		{14A54B11-7FC4-416B-8467-E2FADEE1737E}.Release|Any CPU.Build.0 = Release|Any CPU
	EndGlobalSection
EndGlobal
